lockfileVersion: '9.0'

settings:
  autoInstallPeers: true
  excludeLinksFromLockfile: false

importers:

  .:
    dependencies:
      '@alicloud/cas20200407':
        specifier: ^1.2.0
        version: 1.3.0(supports-color@7.2.0)
      '@alicloud/cdn20180510':
        specifier: ^4.0.0
        version: 4.2.2(supports-color@7.2.0)
      '@alicloud/openapi-client':
        specifier: ^0.4.11
        version: 0.4.15(supports-color@7.2.0)
      dotenv:
        specifier: ^16.4.5
        version: 16.6.1
      yaml:
        specifier: ^2.5.0
        version: 2.9.1
      zod:
        specifier: ^3.23.8
        version: 3.25.76
    devDependencies:
      '@biomejs/biome':
        specifier: 2.5.14
        version: 2.5.14
      '@tsconfig/recommended':
        specifier: ^1.0.7
        version: 1.0.13
      '@types/node':
        specifier: ^20.16.0
        version: 20.19.43
      typescript:
        specifier: ^6.0.3
        version: 6.0.3

packages:

  '@alicloud/cas20200407@1.3.0':
    resolution: {integrity: sha512-HnbnZYXpD3zWIu450coHZz3hh5Rwq5xrkkEEokiTMEErBBW73W7iVBqR1fgqx0I0Pk9mmC4FvBgYEguvWNFTjQ==}

  '@alicloud/cdn20180510@4.2.2':
    resolution: {integrity: sha512-96d6NScxZ9qWi+rlhdYAlLe6+1u+q9Nq8bQLnjhKpR17EZpRHk9lyIWNJtiab2f/FfAGuWIqk/826MOnzdNYWA==}

  '@alicloud/credentials@2.4.7':
    resolution: {integrity: sha512-pVeLM4Mjdh2PSs+h36CDBOCsvXyZTBG3tgT7chzH8jqWgVGU4UIgYw2h76ZviBpqADFPs3QReYg2AX/gzmqwOw==}

  '@alicloud/endpoint-util@0.0.1':
    resolution: {integrity: sha512-+pH7/KEXup84cHzIL6UJAaPqETvln4yXlD9JzlrqioyCSaWxbug5FUobsiI6fuUOpw5WwoB3fWAtGbFnJ1K3Yg==}

  '@alicloud/gateway-spi@0.0.8':
    resolution: {integrity: sha512-KM7fu5asjxZPmrz9sJGHJeSU+cNQNOxW+SFmgmAIrITui5hXL2LB+KNRuzWmlwPjnuA2X3/keq9h6++S9jcV5g==}

  '@alicloud/openapi-client@0.4.15':
    resolution: {integrity: sha512-4VE0/k5ZdQbAhOSTqniVhuX1k5DUeUMZv74degn3wIWjLY6Bq+hxjaGsaHYlLZ2gA5wUrs8NcI5TE+lIQS3iiA==}

  '@alicloud/openapi-util@0.3.3':
    resolution: {integrity: sha512-vf0cQ/q8R2U7ZO88X5hDiu1yV3t/WexRj+YycWxRutkH/xVXfkmpRgps8lmNEk7Ar+0xnY8+daN2T+2OyB9F4A==}

  '@alicloud/tea-typescript@1.8.0':
    resolution: {integrity: sha512-CWXWaquauJf0sW30mgJRVu9aaXyBth5uMBCUc+5vKTK1zlgf3hIqRUjJZbjlwHwQ5y9anwcu18r48nOZb7l2QQ==}

  '@alicloud/tea-util@1.4.11':
    resolution: {integrity: sha512-HyPEEQ8F0WoZegiCp7sVdrdm6eBOB+GCvGl4182u69LDFktxfirGLcAx3WExUr1zFWkq2OSmBroTwKQ4w/+Yww==}

  '@alicloud/tea-util@1.4.9':
    resolution: {integrity: sha512-S0wz76rGtoPKskQtRTGqeuqBHFj8BqUn0Vh+glXKun2/9UpaaaWmuJwcmtImk6bJZfLYEShDF/kxDmDJoNYiTw==}

  '@alicloud/tea-xml@0.0.3':
    resolution: {integrity: sha512-+/9GliugjrLglsXVrd1D80EqqKgGpyA0eQ6+1ZdUOYCaRguaSwz44trX3PaxPu/HhIPJg9PsGQQ3cSLXWZjbAA==}

  '@biomejs/biome@2.5.14':
    resolution: {integrity: sha512-0FabLIjd4M/dm8VFI86RMaLLdgepzbdfiAL2R8cr7V81OYYrP1w7Z73KfAwPK5h9SrEBXTzNG2y+mBwPo9xRnw==}
    engines: {node: '>=14.21.3'}
    hasBin: true

  '@biomejs/cli-darwin-arm64@2.5.14':
    resolution: {integrity: sha512-UnzaXO65L4tsZimFITFP2M121GyhDcWFrT3pL5ZJ5U4XcS/0L5VHYytVohdCf/gnDUFHgl2I9xnt5bV/J1kxHQ==}
    engines: {node: '>=14.21.3'}
    cpu: [arm64]
    os: [darwin]

  '@biomejs/cli-darwin-x64@2.5.14':
    resolution: {integrity: sha512-kiy8qA16K93J7uvFfWi4LgjqDpnRKyePAna6A0Y4jxyUga35SYpIZ2cNWlhy0lsfgqRenCpfymnJWEZ6mgpRgA==}
    engines: {node: '>=14.21.3'}
    cpu: [x64]
    os: [darwin]

  '@biomejs/cli-linux-arm64-musl@2.5.14':
    resolution: {integrity: sha512-SJ9PrZkBnnH9dHJDnxk34vKs0GB2dbsioaft6/hPhWJ7AHpwYH83Isnhj0FSRpFkGgpVfJ1lds23ApB2czUDLQ==}
    engines: {node: '>=14.21.3'}
    cpu: [arm64]
    os: [linux]
    libc: [musl]

  '@biomejs/cli-linux-arm64@2.5.14':
    resolution: {integrity: sha512-vO/9BaU1n30CiFNLx49gMTMtbCAAqlo/EqFoG0BU3deQInTbJrmXSmTQ9e3FoDZIKQnvSLDVNL4lx1ci7y1T1Q==}
    engines: {node: '>=14.21.3'}
    cpu: [arm64]
    os: [linux]
    libc: [glibc]

  '@biomejs/cli-linux-x64-musl@2.5.14':
    resolution: {integrity: sha512-2kI5PrMgW5dcEZYrstLPmUmCwkUwZY39rP4BN93Vxbwcs2O57LDQOktUZZYPvvspN5i0mhGr3TJtF5sU26NUWg==}
    engines: {node: '>=14.21.3'}
    cpu: [x64]
    os: [linux]
    libc: [musl]

  '@biomejs/cli-linux-x64@2.5.14':
    resolution: {integrity: sha512-VHZRa7CCQBUWKxNwUvHJeuW03WFRgN5NWO//SDGOitc9QIeNyfA42V9zlKm+x82xFSG9Bzi5fi+hbhm9anO8yA==}
    engines: {node: '>=14.21.3'}
    cpu: [x64]
    os: [linux]
    libc: [glibc]

  '@biomejs/cli-win32-arm64@2.5.14':
    resolution: {integrity: sha512-pHgAFffmZtaYoxavEsWEYNvcA7NwOIjLyqw2HXyLbt16xYryX0L4fMV2u0G9ag6LNYPIoqWaWqzUcnc6rLGGXg==}
    engines: {node: '>=14.21.3'}
    cpu: [arm64]
    os: [win32]

  '@biomejs/cli-win32-x64@2.5.14':
    resolution: {integrity: sha512-oJWmBhoHsnhUKIke+0gXDX0mltJrWHA1UyHsrTlXwX0TL64ilVZAo+TYZm97baecV0esBdpzy3k96q+09JaZUQ==}
    engines: {node: '>=14.21.3'}
    cpu: [x64]
    os: [win32]

  '@darabonba/typescript@1.0.5':
    resolution: {integrity: sha512-pfxHFVM8I3h8K2o8skpDQLMmR5iAeQ2eNpP1HrKDEm/9ZPF8aKwDKPwwEszT1NnIo0Y3++E7x1YsVkVpGjA/xw==}

  '@tootallnate/once@2.0.1':
    resolution: {integrity: sha512-HqmEUIGRJ5fSXchkVgR5F7qn48bDBzv0kWj/Kfu5e6uci4UlEeng4331LnBkWffb++Ei3FOVLxo8JJWMFBDMeQ==}
    engines: {node: '>= 10'}

  '@tsconfig/recommended@1.0.13':
    resolution: {integrity: sha512-sySRuBfMKyKO/j2ZAhR8kSembhjuPEV4Ra3AHtmWLq51+iGaudr45crPSzNC5b7/Ctrh9dfUpBuTlYrH6rM58Q==}

  '@types/node@12.20.55':
    resolution: {integrity: sha512-J8xLz7q2OFulZ2cyGTLE1TbbZcjpno7FaN6zdJNrgAdrJ+DZzh/uFR6YrTb4C+nXakvud8Q4+rbhoIWlYQbUFQ==}

  '@types/node@20.19.43':
    resolution: {integrity: sha512-6oYBAi5ikg4Pl+kGsoYtawUMBT2zZMCvPNF7pVLnHZfd1zf38DRiWn/gT01RYCdUqkv7Fhr+C9ot4/tb+2sVvA==}

  '@types/node@22.20.4':
    resolution: {integrity: sha512-zJRE40jpHtKqE/C4fgHrAKQLJuSpzEnP9ff9Y7YtoR3Wd2pwqzlekDeEuUQXjRd+QCYnVnNwuJYmhdk9XV8gvA==}

  '@types/xml2js@0.4.14':
    resolution: {integrity: sha512-4YnrRemBShWRO2QjvUin8ESA41rH+9nQGLUGZV/1IDhi3SL9OhdpNC/MrulTWuptXKwhx/aDxE7toV0f/ypIXQ==}

  agent-base@6.0.2:
    resolution: {integrity: sha512-RZNwNclF7+MS/8bDg70amg32dyeZGZxiDuQmZxKLAlQjr3jGyLx+4Kkk58UO7D2QdgFIQCovuSuZESne6RG6XQ==}
    engines: {node: '>= 6.0.0'}

  debug@4.4.3:
    resolution: {integrity: sha512-RGwwWnwQvkVfavKVt22FGLw+xYSdzARwm0ru6DhTVA3umU5hZc28V3kO4stgYryrTlLpuvgI9GiijltAjNbcqA==}
    engines: {node: '>=6.0'}
    peerDependencies:
      supports-color: '*'
    peerDependenciesMeta:
      supports-color:
        optional: true

  dotenv@16.6.1:
    resolution: {integrity: sha512-uBq4egWHTcTt33a72vpSG0z3HnPuIl6NqYcTrKEg2azoEyl2hpW0zqlxysq2pK9HlDIHyHyakeYaYnSAwd8bow==}
    engines: {node: '>=12'}

  has-flag@4.0.0:
    resolution: {integrity: sha512-EykJT/Q1KjTWctppgIAgfSO0tKVuZUjhgMr17kqTumMl6Afv3EISleU7qZUzoXDFTAHTDC4NOoG/ZxU3EvlMPQ==}
    engines: {node: '>=8'}

  http-proxy-agent@5.0.0:
    resolution: {integrity: sha512-n2hY8YdoRE1i7r6M0w9DIw5GgZN0G25P8zLCRQ8rjXtTU3vsNFBI/vWK/UIeE6g5MUUz6avwAPXmL6Fy9D/90w==}
    engines: {node: '>= 6'}

  https-proxy-agent@5.0.1:
    resolution: {integrity: sha512-dFcAjpTQFgoLMzC2VwU+C/CbS7uRL0lWmxDITmqm7C+7F0Odmj6s9l6alZc6AELXhrnggM2CeWSXHGOdX2YtwA==}
    engines: {node: '>= 6'}

  httpx@2.3.3:
    resolution: {integrity: sha512-k1qv94u1b6e+XKCxVbLgYlOypVP9MPGpnN5G/vxFf6tDO4V3xpz3d6FUOY/s8NtPgaq5RBVVgSB+7IHpVxMYzw==}

  ini@1.3.8:
    resolution: {integrity: sha512-JV/yugV2uzW5iMRSiZAyDtQd+nxtUnjeLt0acNdw98kKLrvuRVyB80tsREOE7yvGVgalhZ6RNXCmEHkUKBKxew==}

  ip-address@10.7.2:
    resolution: {integrity: sha512-7H/2gFSIitxc0hG3nOI1glS8QLo/EHBFFLk8vEUjXY/xu0AdL8jZ9U1IzO2PUm0d2D/ofQcAifb0g6OBkt8U7w==}
    engines: {node: '>= 12'}

  kitx@2.2.0:
    resolution: {integrity: sha512-tBMwe6AALTBQJb0woQDD40734NKzb0Kzi3k7wQj9ar3AbP9oqhoVrdXPh7rk2r00/glIgd0YbToIUJsnxWMiIg==}

  lodash@4.18.1:
    resolution: {integrity: sha512-dMInicTPVE8d1e5otfwmmjlxkZoUpiVLwyeTdUsi/Caj/gfzzblBcCE5sRHV/AsjuCmxWrte2TNGSYuCeCq+0Q==}

  moment-timezone@0.5.48:
    resolution: {integrity: sha512-f22b8LV1gbTO2ms2j2z13MuPogNoh5UzxL3nzNAYKGraILnbGc9NEE6dyiiiLv46DGRb8A4kg8UKWLjPthxBHw==}

  moment@2.31.0:
    resolution: {integrity: sha512-0acOTfMiWOheYS4eoWb80yYMb/JLvVv9SHbs2PehaDzfUG0Bw855SKyk0IKTnPGa5+U2bmi3W68l1+sGLX/pvw==}

  ms@2.1.3:
    resolution: {integrity: sha512-6FlzubTLZG3J2a/NVCAleEhjzq5oxgHyaCU9yYXvcLsvoVaHJq/s5xXI6/XXP6tz7R9xAOtHnSO/tXtF3WRTlA==}

  sax@1.6.1:
    resolution: {integrity: sha512-42tBVwLWnaQvW5zc4HbZrTuWccECCZfBi92FDuwtqxasH+JbPB3/FOKb1m222K42R4WxuxzzMsTswfzgtSu64Q==}
    engines: {node: '>=11.0.0'}

  sm3@1.0.3:
    resolution: {integrity: sha512-KyFkIfr8QBlFG3uc3NaljaXdYcsbRy1KrSfc4tsQV8jW68jAktGeOcifu530Vx/5LC+PULHT0Rv8LiI8Gw+c1g==}

  smart-buffer@4.2.0:
    resolution: {integrity: sha512-94hK0Hh8rPqQl2xXc3HsaBoOXKV20MToPkcXvwbISWLEs+64sBq5kFgn2kJDHb1Pry9yrP0dxrCI9RRci7RXKg==}
    engines: {node: '>= 6.0.0', npm: '>= 3.0.0'}

  socks-proxy-agent@6.2.1:
    resolution: {integrity: sha512-a6KW9G+6B3nWZ1yB8G7pJwL3ggLy1uTzKAgCb7ttblwqdz9fMGJUuTy3uFzEP48FAs9FLILlmzDlE2JJhVQaXQ==}
    engines: {node: '>= 10'}

  socks@2.8.10:
    resolution: {integrity: sha512-e0VyvkVTwVYViNovRkZ9aodhxVlyoMn7eJhVUPxZ+eK9P/7CBkxvvsBOHqFPEH416726W8tLXXXjKwqgTErrCQ==}
    engines: {node: '>= 10.0.0', npm: '>= 3.0.0'}

  supports-color@7.2.0:
    resolution: {integrity: sha512-qpCAvRl9stuOHveKsn7HncJRvv501qIacKzQlO/+Lwxc9+0q2wLyv4Dfvt80/DPn2pqOBsJdDiogXGR9+OvwRw==}
    engines: {node: '>=8'}

  typescript@6.0.3:
    resolution: {integrity: sha512-y2TvuxSZPDyQakkFRPZHKFm+KKVqIisdg9/CZwm9ftvKXLP8NRWj38/ODjNbr43SsoXqNuAisEf1GdCxqWcdBw==}
    engines: {node: '>=14.17'}
    hasBin: true

  undici-types@6.21.0:
    resolution: {integrity: sha512-iwDZqg0QAGrg9Rav5H4n0M64c3mkR59cJ6wQp+7C4nI0gsmExaedaYLNO44eT4AtBBwjbTiGPMlt2Md0T9H9JQ==}

  ws@8.22.0:
    resolution: {integrity: sha512-Ydggc987+RO0AnWtZ/7Wq9FtNvcrL1b/RO0ud9mWjUPgDrsAAwQSF51sm2hm1XofbU/4jkpGEsLFsZZxU+1DOg==}
    engines: {node: '>=10.0.0'}
    peerDependencies:
      bufferutil: ^4.0.1
      utf-8-validate: '>=5.0.2'
    peerDependenciesMeta:
      bufferutil:
        optional: true
      utf-8-validate:
        optional: true

  xml2js@0.6.2:
    resolution: {integrity: sha512-T4rieHaC1EXcES0Kxxj4JWgaUQHDk+qwHcYOCFHfiwKz7tOVPLq7Hjq9dM1WCMhylqMEfP7hMcOIChvotiZegA==}
    engines: {node: '>=4.0.0'}

  xmlbuilder@11.0.1:
    resolution: {integrity: sha512-fDlsI/kFEx7gLvbecc0/ohLG50fugQp8ryHzMTuW9vSa1GJ0XYWKnhsUx7oie3G98+r56aTQIUB4kht42R3JvA==}
    engines: {node: '>=4.0'}

  yaml@2.9.1:
    resolution: {integrity: sha512-3NxN8+78OdzbT7C/WjGsyfPAtJaN3FNDsWxv7Y7mcDsT/oOmgW8BpyQQFFBnvZE3j9Y2Sdz1ULFLezL7Eb2yFw==}
    engines: {node: '>= 14.6'}
    hasBin: true

  zod@3.25.76:
    resolution: {integrity: sha512-gzUt/qt81nXsFGKIFcC3YnfEAx5NkunCfnDlvuBSSFS02bcXu4Lmea0AFIUwbLWxWPx3d9p8S5QoaujKcNQxcQ==}

snapshots:

  '@alicloud/cas20200407@1.3.0(supports-color@7.2.0)':
    dependencies:
      '@alicloud/endpoint-util': 0.0.1(supports-color@7.2.0)
      '@alicloud/openapi-client': 0.4.15(supports-color@7.2.0)
      '@alicloud/openapi-util': 0.3.3(supports-color@7.2.0)
      '@alicloud/tea-typescript': 1.8.0(supports-color@7.2.0)
      '@alicloud/tea-util': 1.4.11(supports-color@7.2.0)
    transitivePeerDependencies:
      - bufferutil
      - supports-color
      - utf-8-validate

  '@alicloud/cdn20180510@4.2.2(supports-color@7.2.0)':
    dependencies:
      '@alicloud/endpoint-util': 0.0.1(supports-color@7.2.0)
      '@alicloud/openapi-client': 0.4.15(supports-color@7.2.0)
      '@alicloud/openapi-util': 0.3.3(supports-color@7.2.0)
      '@alicloud/tea-typescript': 1.8.0(supports-color@7.2.0)
      '@alicloud/tea-util': 1.4.11(supports-color@7.2.0)
    transitivePeerDependencies:
      - bufferutil
      - supports-color
      - utf-8-validate

  '@alicloud/credentials@2.4.7(supports-color@7.2.0)':
    dependencies:
      '@alicloud/tea-typescript': 1.8.0(supports-color@7.2.0)
      httpx: 2.3.3(supports-color@7.2.0)
      ini: 1.3.8
      kitx: 2.2.0
    transitivePeerDependencies:
      - supports-color

  '@alicloud/endpoint-util@0.0.1(supports-color@7.2.0)':
    dependencies:
      '@alicloud/tea-typescript': 1.8.0(supports-color@7.2.0)
      kitx: 2.2.0
    transitivePeerDependencies:
      - supports-color

  '@alicloud/gateway-spi@0.0.8(supports-color@7.2.0)':
    dependencies:
      '@alicloud/credentials': 2.4.7(supports-color@7.2.0)
      '@alicloud/tea-typescript': 1.8.0(supports-color@7.2.0)
    transitivePeerDependencies:
      - supports-color

  '@alicloud/openapi-client@0.4.15(supports-color@7.2.0)':
    dependencies:
      '@alicloud/credentials': 2.4.7(supports-color@7.2.0)
      '@alicloud/gateway-spi': 0.0.8(supports-color@7.2.0)
      '@alicloud/openapi-util': 0.3.3(supports-color@7.2.0)
      '@alicloud/tea-typescript': 1.8.0(supports-color@7.2.0)
      '@alicloud/tea-util': 1.4.9(supports-color@7.2.0)
      '@alicloud/tea-xml': 0.0.3(supports-color@7.2.0)
    transitivePeerDependencies:
      - bufferutil
      - supports-color
      - utf-8-validate

  '@alicloud/openapi-util@0.3.3(supports-color@7.2.0)':
    dependencies:
      '@alicloud/tea-typescript': 1.8.0(supports-color@7.2.0)
      '@alicloud/tea-util': 1.4.11(supports-color@7.2.0)
      kitx: 2.2.0
      sm3: 1.0.3
    transitivePeerDependencies:
      - bufferutil
      - supports-color
      - utf-8-validate

  '@alicloud/tea-typescript@1.8.0(supports-color@7.2.0)':
    dependencies:
      '@types/node': 12.20.55
      httpx: 2.3.3(supports-color@7.2.0)
    transitivePeerDependencies:
      - supports-color

  '@alicloud/tea-util@1.4.11(supports-color@7.2.0)':
    dependencies:
      '@alicloud/tea-typescript': 1.8.0(supports-color@7.2.0)
      '@darabonba/typescript': 1.0.5(supports-color@7.2.0)
      kitx: 2.2.0
    transitivePeerDependencies:
      - bufferutil
      - supports-color
      - utf-8-validate

  '@alicloud/tea-util@1.4.9(supports-color@7.2.0)':
    dependencies:
      '@alicloud/tea-typescript': 1.8.0(supports-color@7.2.0)
      kitx: 2.2.0
    transitivePeerDependencies:
      - supports-color

  '@alicloud/tea-xml@0.0.3(supports-color@7.2.0)':
    dependencies:
      '@alicloud/tea-typescript': 1.8.0(supports-color@7.2.0)
      '@types/xml2js': 0.4.14
      xml2js: 0.6.2
    transitivePeerDependencies:
      - supports-color

  '@biomejs/biome@2.5.14':
    optionalDependencies:
      '@biomejs/cli-darwin-arm64': 2.5.14
      '@biomejs/cli-darwin-x64': 2.5.14
      '@biomejs/cli-linux-arm64': 2.5.14
      '@biomejs/cli-linux-arm64-musl': 2.5.14
      '@biomejs/cli-linux-x64': 2.5.14
      '@biomejs/cli-linux-x64-musl': 2.5.14
      '@biomejs/cli-win32-arm64': 2.5.14
      '@biomejs/cli-win32-x64': 2.5.14

  '@biomejs/cli-darwin-arm64@2.5.14':
    optional: true

  '@biomejs/cli-darwin-x64@2.5.14':
    optional: true

  '@biomejs/cli-linux-arm64-musl@2.5.14':
    optional: true

  '@biomejs/cli-linux-arm64@2.5.14':
    optional: true

  '@biomejs/cli-linux-x64-musl@2.5.14':
    optional: true

  '@biomejs/cli-linux-x64@2.5.14':
    optional: true

  '@biomejs/cli-win32-arm64@2.5.14':
    optional: true

  '@biomejs/cli-win32-x64@2.5.14':
    optional: true

  '@darabonba/typescript@1.0.5(supports-color@7.2.0)':
    dependencies:
      '@alicloud/tea-typescript': 1.8.0(supports-color@7.2.0)
      http-proxy-agent: 5.0.0(supports-color@7.2.0)
      https-proxy-agent: 5.0.1(supports-color@7.2.0)
      httpx: 2.3.3(supports-color@7.2.0)
      lodash: 4.18.1
      moment: 2.31.0
      moment-timezone: 0.5.48
      socks-proxy-agent: 6.2.1(supports-color@7.2.0)
      ws: 8.22.0
      xml2js: 0.6.2
    transitivePeerDependencies:
      - bufferutil
      - supports-color
      - utf-8-validate

  '@tootallnate/once@2.0.1': {}

  '@tsconfig/recommended@1.0.13': {}

  '@types/node@12.20.55': {}

  '@types/node@20.19.43':
    dependencies:
      undici-types: 6.21.0

  '@types/node@22.20.4':
    dependencies:
      undici-types: 6.21.0

  '@types/xml2js@0.4.14':
    dependencies:
      '@types/node': 20.19.43

  agent-base@6.0.2(supports-color@7.2.0):
    dependencies:
      debug: 4.4.3(supports-color@7.2.0)
    transitivePeerDependencies:
      - supports-color

  debug@4.4.3(supports-color@7.2.0):
    dependencies:
      ms: 2.1.3
    optionalDependencies:
      supports-color: 7.2.0

  dotenv@16.6.1: {}

  has-flag@4.0.0:
    optional: true

  http-proxy-agent@5.0.0(supports-color@7.2.0):
    dependencies:
      '@tootallnate/once': 2.0.1
      agent-base: 6.0.2(supports-color@7.2.0)
      debug: 4.4.3(supports-color@7.2.0)
    transitivePeerDependencies:
      - supports-color

  https-proxy-agent@5.0.1(supports-color@7.2.0):
    dependencies:
      agent-base: 6.0.2(supports-color@7.2.0)
      debug: 4.4.3(supports-color@7.2.0)
    transitivePeerDependencies:
      - supports-color

  httpx@2.3.3(supports-color@7.2.0):
    dependencies:
      '@types/node': 20.19.43
      debug: 4.4.3(supports-color@7.2.0)
    transitivePeerDependencies:
      - supports-color

  ini@1.3.8: {}

  ip-address@10.7.2: {}

  kitx@2.2.0:
    dependencies:
      '@types/node': 22.20.4

  lodash@4.18.1: {}

  moment-timezone@0.5.48:
    dependencies:
      moment: 2.31.0

  moment@2.31.0: {}

  ms@2.1.3: {}

  sax@1.6.1: {}

  sm3@1.0.3: {}

  smart-buffer@4.2.0: {}

  socks-proxy-agent@6.2.1(supports-color@7.2.0):
    dependencies:
      agent-base: 6.0.2(supports-color@7.2.0)
      debug: 4.4.3(supports-color@7.2.0)
      socks: 2.8.10
    transitivePeerDependencies:
      - supports-color

  socks@2.8.10:
    dependencies:
      ip-address: 10.7.2
      smart-buffer: 4.2.0

  supports-color@7.2.0:
    dependencies:
      has-flag: 4.0.0
    optional: true

  typescript@6.0.3: {}

  undici-types@6.21.0: {}

  ws@8.22.0: {}

  xml2js@0.6.2:
    dependencies:
      sax: 1.6.1
      xmlbuilder: 11.0.1

  xmlbuilder@11.0.1: {}

  yaml@2.9.1: {}

  zod@3.25.76: {}
